
Microsoft Visual Studio Solution File, Format Version 12.00
# Visual Studio 15
VisualStudioVersion = 15.0.28307.136
MinimumVisualStudioVersion = 10.0.40219.1
Project("{FAE04EC0-301F-11D3-BF4B-00C04F79EFBC}") = "Subject Selection", "Subject Selection\Subject Selection.csproj", "{A7D18F23-C8F7-4FD4-ADF2-9BB1189933C1}"
EndProject
Global
	GlobalSection(SolutionConfigurationPlatforms) = preSolution
		Debug|Any CPU = Debug|Any CPU
		Release|Any CPU = Release|Any CPU
	EndGlobalSection
	GlobalSection(ProjectConfigurationPlatforms) = postSolution
		{A7D18F23-C8F7-4FD4-ADF2-9BB1189933C1}.Debug|Any CPU.ActiveCfg = Debug|Any CPU
		{A7D18F23-C8F7-4FD4-ADF2-9BB1189933C1}.Debug|Any CPU.Build.0 = Debug|Any CPU
		{A7D18F23-C8F7-4FD4-ADF2-9BB1189933C1}.Release|Any CPU.ActiveCfg = Release|Any CPU
		{A7D18F23-C8F7-4FD4-ADF2-9BB1189933C1}.Release|Any CPU.Build.0 = Release|Any CPU
	EndGlobalSection
	GlobalSection(SolutionProperties) = preSolution
		HideSolutionNode = FALSE
	EndGlobalSection
	GlobalSection(ExtensibilityGlobals) = postSolution
		SolutionGuid = {2E895B47-A13D-4C65-83A0-7EF669685D9C}
	EndGlobalSection
EndGlobal
